
Microsoft Visual Studio Solution File, Format Version 12.00
# Visual Studio Version 16
VisualStudioVersion = 16.0.30114.105
MinimumVisualStudioVersion = 10.0.40219.1
Project("{9A19103F-16F7-4668-BE54-9A1E7A4F7556}") = "PPT_Grpc", "PPT_Grpc\PPT_Grpc.csproj", "{5472E85E-A6F0-4751-A757-1AFFA2AF32FE}"
EndProject
Global
	GlobalSection(SolutionConfigurationPlatforms) = preSolution
		Debug|Any CPU = Debug|Any CPU
		Release|Any CPU = Release|Any CPU
	EndGlobalSection
	GlobalSection(ProjectConfigurationPlatforms) = postSolution
		{5472E85E-A6F0-4751-A757-1AFFA2AF32FE}.Debug|Any CPU.ActiveCfg = Debug|Any CPU
		{5472E85E-A6F0-4751-A757-1AFFA2AF32FE}.Debug|Any CPU.Build.0 = Debug|Any CPU
		{5472E85E-A6F0-4751-A757-1AFFA2AF32FE}.Release|Any CPU.ActiveCfg = Release|Any CPU
		{5472E85E-A6F0-4751-A757-1AFFA2AF32FE}.Release|Any CPU.Build.0 = Release|Any CPU
	EndGlobalSection
	GlobalSection(SolutionProperties) = preSolution
		HideSolutionNode = FALSE
	EndGlobalSection
	GlobalSection(ExtensibilityGlobals) = postSolution
		SolutionGuid = {F7E93CE2-A1BF-421E-AFAA-3080294CAC11}
	EndGlobalSection
EndGlobal
